
Microsoft Visual Studio Solution File, Format Version 12.00
# Visual Studio Version 17
VisualStudioVersion = 17.10.35201.131
MinimumVisualStudioVersion = 10.0.40219.1
Project("{FAE04EC0-301F-11D3-BF4B-00C04F79EFBC}") = "dz13_07", "dz13_07\dz13_07.csproj", "{ADD7AC77-3D90-4E4A-A0BF-4974329271E3}"
EndProject
Global
	GlobalSection(SolutionConfigurationPlatforms) = preSolution
		Debug|Any CPU = Debug|Any CPU
		Release|Any CPU = Release|Any CPU
	EndGlobalSection
	GlobalSection(ProjectConfigurationPlatforms) = postSolution
		{ADD7AC77-3D90-4E4A-A0BF-4974329271E3}.Debug|Any CPU.ActiveCfg = Debug|Any CPU
		{ADD7AC77-3D90-4E4A-A0BF-4974329271E3}.Debug|Any CPU.Build.0 = Debug|Any CPU
		{ADD7AC77-3D90-4E4A-A0BF-4974329271E3}.Release|Any CPU.ActiveCfg = Release|Any CPU
		{ADD7AC77-3D90-4E4A-A0BF-4974329271E3}.Release|Any CPU.Build.0 = Release|Any CPU
	EndGlobalSection
	GlobalSection(SolutionProperties) = preSolution
		HideSolutionNode = FALSE
	EndGlobalSection
	GlobalSection(ExtensibilityGlobals) = postSolution
		SolutionGuid = {CA69A883-9188-42DE-9D06-36D64772C8A7}
	EndGlobalSection
EndGlobal
